
Microsoft Visual Studio Solution File, Format Version 12.00
# Visual Studio Version 18
VisualStudioVersion = 18.3.11520.95 d18.3
MinimumVisualStudioVersion = 10.0.40219.1
Project("{2150E333-8FDC-42A3-9474-1A3956D46DE8}") = "src", "src", "{ED3F356C-2489-4D3F-A119-57EA9FCBE40E}"
EndProject
Project("{2150E333-8FDC-42A3-9474-1A3956D46DE8}") = "test", "test", "{C0D23877-D898-474A-8013-8C7C57CB2903}"
EndProject
Project("{FAE04EC0-301F-11D3-BF4B-00C04F79EFBC}") = "br.dev.avn.mangos.Domain", "br.dev.avn.mangos.Domain\br.dev.avn.mangos.Domain.csproj", "{ED076324-E655-45A1-9B03-433E5FB2C7E2}"
EndProject
Project("{FAE04EC0-301F-11D3-BF4B-00C04F79EFBC}") = "br.dev.avn.mangos.Application", "br.dev.avn.mangos.Application\br.dev.avn.mangos.Application.csproj", "{69A9332E-E928-40F0-9F18-B18E633B70D3}"
EndProject
Project("{FAE04EC0-301F-11D3-BF4B-00C04F79EFBC}") = "br.dev.avn.mangos.Infrastructure", "br.dev.avn.mangos.Infrastructure\br.dev.avn.mangos.Infrastructure.csproj", "{AD2DAA62-AD40-4BBD-BF4C-591620E04E3C}"
EndProject
Project("{FAE04EC0-301F-11D3-BF4B-00C04F79EFBC}") = "br.dev.avn.mangos.Domain.UnitTest", "br.dev.avn.mangos.Domain.UnitTest\br.dev.avn.mangos.Domain.UnitTest.csproj", "{16ED08E6-436E-4D7C-90DF-03A38A261957}"
EndProject
Project("{FAE04EC0-301F-11D3-BF4B-00C04F79EFBC}") = "br.dev.avn.mangos.Application.UnitTest", "br.dev.avn.mangos.Application.UnitTest\br.dev.avn.mangos.Application.UnitTest.csproj", "{640E25FE-4E69-459E-A0EF-40B16424A6CF}"
EndProject
Project("{FAE04EC0-301F-11D3-BF4B-00C04F79EFBC}") = "br.dev.avn.mangos.WebApi", "br.dev.avn.mangos.WebApi\br.dev.avn.mangos.WebApi.csproj", "{78812E28-3DA3-48B7-AD61-A9B6BADE6B87}"
EndProject
Global
	GlobalSection(SolutionConfigurationPlatforms) = preSolution
		Debug|Any CPU = Debug|Any CPU
		Release|Any CPU = Release|Any CPU
	EndGlobalSection
	GlobalSection(ProjectConfigurationPlatforms) = postSolution
		{ED076324-E655-45A1-9B03-433E5FB2C7E2}.Debug|Any CPU.ActiveCfg = Debug|Any CPU
		{ED076324-E655-45A1-9B03-433E5FB2C7E2}.Debug|Any CPU.Build.0 = Debug|Any CPU
		{ED076324-E655-45A1-9B03-433E5FB2C7E2}.Release|Any CPU.ActiveCfg = Release|Any CPU
		{ED076324-E655-45A1-9B03-433E5FB2C7E2}.Release|Any CPU.Build.0 = Release|Any CPU
		{69A9332E-E928-40F0-9F18-B18E633B70D3}.Debug|Any CPU.ActiveCfg = Debug|Any CPU
		{69A9332E-E928-40F0-9F18-B18E633B70D3}.Debug|Any CPU.Build.0 = Debug|Any CPU
		{69A9332E-E928-40F0-9F18-B18E633B70D3}.Release|Any CPU.ActiveCfg = Release|Any CPU
		{69A9332E-E928-40F0-9F18-B18E633B70D3}.Release|Any CPU.Build.0 = Release|Any CPU
		{AD2DAA62-AD40-4BBD-BF4C-591620E04E3C}.Debug|Any CPU.ActiveCfg = Debug|Any CPU
		{AD2DAA62-AD40-4BBD-BF4C-591620E04E3C}.Debug|Any CPU.Build.0 = Debug|Any CPU
		{AD2DAA62-AD40-4BBD-BF4C-591620E04E3C}.Release|Any CPU.ActiveCfg = Release|Any CPU
		{AD2DAA62-AD40-4BBD-BF4C-591620E04E3C}.Release|Any CPU.Build.0 = Release|Any CPU
		{16ED08E6-436E-4D7C-90DF-03A38A261957}.Debug|Any CPU.ActiveCfg = Debug|Any CPU
		{16ED08E6-436E-4D7C-90DF-03A38A261957}.Debug|Any CPU.Build.0 = Debug|Any CPU
		{16ED08E6-436E-4D7C-90DF-03A38A261957}.Release|Any CPU.ActiveCfg = Release|Any CPU
		{16ED08E6-436E-4D7C-90DF-03A38A261957}.Release|Any CPU.Build.0 = Release|Any CPU
		{640E25FE-4E69-459E-A0EF-40B16424A6CF}.Debug|Any CPU.ActiveCfg = Debug|Any CPU
		{640E25FE-4E69-459E-A0EF-40B16424A6CF}.Debug|Any CPU.Build.0 = Debug|Any CPU
		{640E25FE-4E69-459E-A0EF-40B16424A6CF}.Release|Any CPU.ActiveCfg = Release|Any CPU
		{640E25FE-4E69-459E-A0EF-40B16424A6CF}.Release|Any CPU.Build.0 = Release|Any CPU
		{78812E28-3DA3-48B7-AD61-A9B6BADE6B87}.Debug|Any CPU.ActiveCfg = Debug|Any CPU
		{78812E28-3DA3-48B7-AD61-A9B6BADE6B87}.Debug|Any CPU.Build.0 = Debug|Any CPU
		{78812E28-3DA3-48B7-AD61-A9B6BADE6B87}.Release|Any CPU.ActiveCfg = Release|Any CPU
		{78812E28-3DA3-48B7-AD61-A9B6BADE6B87}.Release|Any CPU.Build.0 = Release|Any CPU
	EndGlobalSection
	GlobalSection(SolutionProperties) = preSolution
		HideSolutionNode = FALSE
	EndGlobalSection
	GlobalSection(NestedProjects) = preSolution
		{ED076324-E655-45A1-9B03-433E5FB2C7E2} = {ED3F356C-2489-4D3F-A119-57EA9FCBE40E}
		{69A9332E-E928-40F0-9F18-B18E633B70D3} = {ED3F356C-2489-4D3F-A119-57EA9FCBE40E}
		{AD2DAA62-AD40-4BBD-BF4C-591620E04E3C} = {ED3F356C-2489-4D3F-A119-57EA9FCBE40E}
		{16ED08E6-436E-4D7C-90DF-03A38A261957} = {C0D23877-D898-474A-8013-8C7C57CB2903}
		{640E25FE-4E69-459E-A0EF-40B16424A6CF} = {C0D23877-D898-474A-8013-8C7C57CB2903}
		{78812E28-3DA3-48B7-AD61-A9B6BADE6B87} = {ED3F356C-2489-4D3F-A119-57EA9FCBE40E}
	EndGlobalSection
	GlobalSection(ExtensibilityGlobals) = postSolution
		SolutionGuid = {A10AED76-7618-4FAF-BDE6-A9861279ABA6}
	EndGlobalSection
EndGlobal
